
Microsoft Visual Studio Solution File, Format Version 12.00
# Visual Studio Version 17
VisualStudioVersion = 17.6.33723.286
MinimumVisualStudioVersion = 10.0.40219.1
Project("{FAE04EC0-301F-11D3-BF4B-00C04F79EFBC}") = "RestSharpMain", "RestSharpMain\RestSharpMain.csproj", "{4B0FBF4C-1566-4F91-ADEB-AFEB946894F3}"
EndProject
Project("{9A19103F-16F7-4668-BE54-9A1E7A4F7556}") = "GraphQL.NET", "GraphQL.NET\GraphQL.NET.csproj", "{789C403F-A7A4-47CF-B64E-ECAC845CEE61}"
EndProject
Project("{FAE04EC0-301F-11D3-BF4B-00C04F79EFBC}") = "RestSharpMain.Test", "RestSharpMain.Test\RestSharpMain.Test.csproj", "{6FF2333D-1329-47C2-B293-E705573F781C}"
EndProject
Global
	GlobalSection(SolutionConfigurationPlatforms) = preSolution
		Debug|Any CPU = Debug|Any CPU
		Release|Any CPU = Release|Any CPU
	EndGlobalSection
	GlobalSection(ProjectConfigurationPlatforms) = postSolution
		{4B0FBF4C-1566-4F91-ADEB-AFEB946894F3}.Debug|Any CPU.ActiveCfg = Debug|Any CPU
		{4B0FBF4C-1566-4F91-ADEB-AFEB946894F3}.Debug|Any CPU.Build.0 = Debug|Any CPU
		{4B0FBF4C-1566-4F91-ADEB-AFEB946894F3}.Release|Any CPU.ActiveCfg = Release|Any CPU
		{4B0FBF4C-1566-4F91-ADEB-AFEB946894F3}.Release|Any CPU.Build.0 = Release|Any CPU
		{789C403F-A7A4-47CF-B64E-ECAC845CEE61}.Debug|Any CPU.ActiveCfg = Debug|Any CPU
		{789C403F-A7A4-47CF-B64E-ECAC845CEE61}.Debug|Any CPU.Build.0 = Debug|Any CPU
		{789C403F-A7A4-47CF-B64E-ECAC845CEE61}.Release|Any CPU.ActiveCfg = Release|Any CPU
		{789C403F-A7A4-47CF-B64E-ECAC845CEE61}.Release|Any CPU.Build.0 = Release|Any CPU
		{6FF2333D-1329-47C2-B293-E705573F781C}.Debug|Any CPU.ActiveCfg = Debug|Any CPU
		{6FF2333D-1329-47C2-B293-E705573F781C}.Debug|Any CPU.Build.0 = Debug|Any CPU
		{6FF2333D-1329-47C2-B293-E705573F781C}.Release|Any CPU.ActiveCfg = Release|Any CPU
		{6FF2333D-1329-47C2-B293-E705573F781C}.Release|Any CPU.Build.0 = Release|Any CPU
	EndGlobalSection
	GlobalSection(SolutionProperties) = preSolution
		HideSolutionNode = FALSE
	EndGlobalSection
	GlobalSection(ExtensibilityGlobals) = postSolution
		SolutionGuid = {CB076E5B-7D3B-4C1C-BB6E-40FE633F81E8}
	EndGlobalSection
EndGlobal
